
Microsoft Visual Studio Solution File, Format Version 12.00
# Visual Studio Version 17
VisualStudioVersion = 17.11.35208.52
MinimumVisualStudioVersion = 10.0.40219.1
Project("{FAE04EC0-301F-11D3-BF4B-00C04F79EFBC}") = "webApiPractica", "webApiPractica\webApiPractica.csproj", "{511B9A4D-F2AA-489E-B88E-73FA365DD1A2}"
EndProject
Global
	GlobalSection(SolutionConfigurationPlatforms) = preSolution
		Debug|Any CPU = Debug|Any CPU
		Release|Any CPU = Release|Any CPU
	EndGlobalSection
	GlobalSection(ProjectConfigurationPlatforms) = postSolution
		{511B9A4D-F2AA-489E-B88E-73FA365DD1A2}.Debug|Any CPU.ActiveCfg = Debug|Any CPU
		{511B9A4D-F2AA-489E-B88E-73FA365DD1A2}.Debug|Any CPU.Build.0 = Debug|Any CPU
		{511B9A4D-F2AA-489E-B88E-73FA365DD1A2}.Release|Any CPU.ActiveCfg = Release|Any CPU
		{511B9A4D-F2AA-489E-B88E-73FA365DD1A2}.Release|Any CPU.Build.0 = Release|Any CPU
	EndGlobalSection
	GlobalSection(SolutionProperties) = preSolution
		HideSolutionNode = FALSE
	EndGlobalSection
	GlobalSection(ExtensibilityGlobals) = postSolution
		SolutionGuid = {083DEA93-5224-4E07-9737-9836594727B6}
	EndGlobalSection
EndGlobal
